
Microsoft Visual Studio Solution File, Format Version 12.00
# Visual Studio Version 17
VisualStudioVersion = 17.5.33530.505
MinimumVisualStudioVersion = 10.0.40219.1
Project("{FAE04EC0-301F-11D3-BF4B-00C04F79EFBC}") = "PatternExamples", "PatternExamples\PatternExamples.csproj", "{B9CAE588-20B4-4B63-88CD-3C4DEDA723B7}"
EndProject
Global
	GlobalSection(SolutionConfigurationPlatforms) = preSolution
		Debug|Any CPU = Debug|Any CPU
		Release|Any CPU = Release|Any CPU
	EndGlobalSection
	GlobalSection(ProjectConfigurationPlatforms) = postSolution
		{B9CAE588-20B4-4B63-88CD-3C4DEDA723B7}.Debug|Any CPU.ActiveCfg = Debug|Any CPU
		{B9CAE588-20B4-4B63-88CD-3C4DEDA723B7}.Debug|Any CPU.Build.0 = Debug|Any CPU
		{B9CAE588-20B4-4B63-88CD-3C4DEDA723B7}.Release|Any CPU.ActiveCfg = Release|Any CPU
		{B9CAE588-20B4-4B63-88CD-3C4DEDA723B7}.Release|Any CPU.Build.0 = Release|Any CPU
	EndGlobalSection
	GlobalSection(SolutionProperties) = preSolution
		HideSolutionNode = FALSE
	EndGlobalSection
	GlobalSection(ExtensibilityGlobals) = postSolution
		SolutionGuid = {58747CA1-E85B-4644-B1E5-8AFB762ADD11}
	EndGlobalSection
EndGlobal
